
Microsoft Visual Studio Solution File, Format Version 12.00
# Visual Studio Version 16
VisualStudioVersion = 16.0.30523.141
MinimumVisualStudioVersion = 10.0.40219.1
Project("{FAE04EC0-301F-11D3-BF4B-00C04F79EFBC}") = "NETCoreAPI", "NETCoreAPI.csproj", "{B5138261-8AA5-42CD-A7FF-9362E34B658B}"
EndProject
Global
	GlobalSection(SolutionConfigurationPlatforms) = preSolution
		Debug|Any CPU = Debug|Any CPU
		Release|Any CPU = Release|Any CPU
	EndGlobalSection
	GlobalSection(ProjectConfigurationPlatforms) = postSolution
		{B5138261-8AA5-42CD-A7FF-9362E34B658B}.Debug|Any CPU.ActiveCfg = Debug|Any CPU
		{B5138261-8AA5-42CD-A7FF-9362E34B658B}.Debug|Any CPU.Build.0 = Debug|Any CPU
		{B5138261-8AA5-42CD-A7FF-9362E34B658B}.Release|Any CPU.ActiveCfg = Release|Any CPU
		{B5138261-8AA5-42CD-A7FF-9362E34B658B}.Release|Any CPU.Build.0 = Release|Any CPU
	EndGlobalSection
	GlobalSection(SolutionProperties) = preSolution
		HideSolutionNode = FALSE
	EndGlobalSection
	GlobalSection(ExtensibilityGlobals) = postSolution
		SolutionGuid = {FADBA406-E963-4B3D-A086-49EC6465186C}
	EndGlobalSection
EndGlobal
